
Microsoft Visual Studio Solution File, Format Version 12.00
# Visual Studio Version 16
VisualStudioVersion = 16.0.31019.35
MinimumVisualStudioVersion = 10.0.40219.1
Project("{FAE04EC0-301F-11D3-BF4B-00C04F79EFBC}") = "WPFModernVerticalMenu", "WPFModernVerticalMenu.csproj", "{A3046A9B-3166-4C71-8845-A664105D1D5E}"
EndProject
Global
	GlobalSection(SolutionConfigurationPlatforms) = preSolution
		Debug|Any CPU = Debug|Any CPU
		Release|Any CPU = Release|Any CPU
	EndGlobalSection
	GlobalSection(ProjectConfigurationPlatforms) = postSolution
		{A3046A9B-3166-4C71-8845-A664105D1D5E}.Debug|Any CPU.ActiveCfg = Debug|Any CPU
		{A3046A9B-3166-4C71-8845-A664105D1D5E}.Debug|Any CPU.Build.0 = Debug|Any CPU
		{A3046A9B-3166-4C71-8845-A664105D1D5E}.Release|Any CPU.ActiveCfg = Release|Any CPU
		{A3046A9B-3166-4C71-8845-A664105D1D5E}.Release|Any CPU.Build.0 = Release|Any CPU
	EndGlobalSection
	GlobalSection(SolutionProperties) = preSolution
		HideSolutionNode = FALSE
	EndGlobalSection
	GlobalSection(ExtensibilityGlobals) = postSolution
		SolutionGuid = {9CDA9B4F-EFBB-4DCE-8B50-D3F6C929C947}
	EndGlobalSection
EndGlobal
